// !$*UTF8*$!
{
	archiveVersion = 1;
	classes = {
	};
	objectVersion = 46;
	objects = {

/* Begin PBXBuildFile section */
		EEDAD1771C27F7120054E3DB /* AppDelegate.swift in Sources */ = {isa = PBXBuildFile; fileRef = EEDAD1761C27F7120054E3DB /* AppDelegate.swift */; };
		EEDAD1791C27F7120054E3DB /* ViewController.swift in Sources */ = {isa = PBXBuildFile; fileRef = EEDAD1781C27F7120054E3DB /* ViewController.swift */; };
		EEDAD17C1C27F7120054E3DB /* Main.storyboard in Resources */ = {isa = PBXBuildFile; fileRef = EEDAD17A1C27F7120054E3DB /* Main.storyboard */; };
		EEDAD17E1C27F7130054E3DB /* Assets.xcassets in Resources */ = {isa = PBXBuildFile; fileRef = EEDAD17D1C27F7130054E3DB /* Assets.xcassets */; };
		EEDAD1811C27F7130054E3DB /* LaunchScreen.storyboard in Resources */ = {isa = PBXBuildFile; fileRef = EEDAD17F1C27F7130054E3DB /* LaunchScreen.storyboard */; };
		EEE5A42F1C27F89B00A6BC58 /* 少女时代-TaeTiSeo - Twinkle.mp3 in Resources */ = {isa = PBXBuildFile; fileRef = EEE5A42E1C27F89B00A6BC58 /* 少女时代-TaeTiSeo - Twinkle.mp3 */; };
/* End PBXBuildFile section */

/* Begin PBXFileReference section */
		EEDAD1731C27F7120054E3DB /* playsound.app */ = {isa = PBXFileReference; explicitFileType = wrapper.application; includeInIndex = 0; path = playsound.app; sourceTree = BUILT_PRODUCTS_DIR; };
		EEDAD1761C27F7120054E3DB /* AppDelegate.swift */ = {isa = PBXFileReference; lastKnownFileType = sourcecode.swift; path = AppDelegate.swift; sourceTree = "<group>"; };
		EEDAD1781C27F7120054E3DB /* ViewController.swift */ = {isa = PBXFileReference; lastKnownFileType = sourcecode.swift; path = ViewController.swift; sourceTree = "<group>"; };
		EEDAD17B1C27F7120054E3DB /* Base */ = {isa = PBXFileReference; lastKnownFileType = file.storyboard; name = Base; path = Base.lproj/Main.storyboard; sourceTree = "<group>"; };
		EEDAD17D1C27F7130054E3DB /* Assets.xcassets */ = {isa = PBXFileReference; lastKnownFileType = folder.assetcatalog; path = Assets.xcassets; sourceTree = "<group>"; };
		EEDAD1801C27F7130054E3DB /* Base */ = {isa = PBXFileReference; lastKnownFileType = file.storyboard; name = Base; path = Base.lproj/LaunchScreen.storyboard; sourceTree = "<group>"; };
		EEDAD1821C27F7130054E3DB /* Info.plist */ = {isa = PBXFileReference; lastKnownFileType = text.plist.xml; path = Info.plist; sourceTree = "<group>"; };
		EEE5A42E1C27F89B00A6BC58 /* 少女时代-TaeTiSeo - Twinkle.mp3 */ = {isa = PBXFileReference; lastKnownFileType = audio.mp3; path = "少女时代-TaeTiSeo - Twinkle.mp3"; sourceTree = "<group>"; };
/* End PBXFileReference section */

/* Begin PBXFrameworksBuildPhase section */
		EEDAD1701C27F7120054E3DB /* Frameworks */ = {
			isa = PBXFrameworksBuildPhase;
			buildActionMask = 2147483647;
			files = (
			);
			runOnlyForDeploymentPostprocessing = 0;
		};
/* End PBXFrameworksBuildPhase section */

/* Begin PBXGroup section */
		EEDAD16A1C27F7120054E3DB = {
			isa = PBXGroup;
			children = (
				EEDAD1751C27F7120054E3DB /* playsound */,
				EEDAD1741C27F7120054E3DB /* Products */,
			);
			sourceTree = "<group>";
		};
		EEDAD1741C27F7120054E3DB /* Products */ = {
			isa = PBXGroup;
			children = (
				EEDAD1731C27F7120054E3DB /* playsound.app */,
			);
			name = Products;
			sourceTree = "<group>";
		};
		EEDAD1751C27F7120054E3DB /* playsound */ = {
			isa = PBXGroup;
			children = (
				EEE5A42E1C27F89B00A6BC58 /* 少女时代-TaeTiSeo - Twinkle.mp3 */,
				EEDAD1761C27F7120054E3DB /* AppDelegate.swift */,
				EEDAD1781C27F7120054E3DB /* ViewController.swift */,
				EEDAD17A1C27F7120054E3DB /* Main.storyboard */,
				EEDAD17D1C27F7130054E3DB /* Assets.xcassets */,
				EEDAD17F1C27F7130054E3DB /* LaunchScreen.storyboard */,
				EEDAD1821C27F7130054E3DB /* Info.plist */,
			);
			path = playsound;
			sourceTree = "<group>";
		};
/* End PBXGroup section */

/* Begin PBXNativeTarget section */
		EEDAD1721C27F7120054E3DB /* playsound */ = {
			isa = PBXNativeTarget;
			buildConfigurationList = EEDAD1851C27F7130054E3DB /* Build configuration list for PBXNativeTarget "playsound" */;
			buildPhases = (
				EEDAD16F1C27F7120054E3DB /* Sources */,
				EEDAD1701C27F7120054E3DB /* Frameworks */,
				EEDAD1711C27F7120054E3DB /* Resources */,
			);
			buildRules = (
			);
			dependencies = (
			);
			name = playsound;
			productName = playsound;
			productReference = EEDAD1731C27F7120054E3DB /* playsound.app */;
			productType = "com.apple.product-type.application";
		};
/* End PBXNativeTarget section */

/* Begin PBXProject section */
		EEDAD16B1C27F7120054E3DB /* Project object */ = {
			isa = PBXProject;
			attributes = {
				LastSwiftUpdateCheck = 0720;
				LastUpgradeCheck = 0720;
				ORGANIZATIONNAME = "Fei Jin";
				TargetAttributes = {
					EEDAD1721C27F7120054E3DB = {
						CreatedOnToolsVersion = 7.2;
					};
				};
			};
			buildConfigurationList = EEDAD16E1C27F7120054E3DB /* Build configuration list for PBXProject "playsound" */;
			compatibilityVersion = "Xcode 3.2";
			developmentRegion = English;
			hasScannedForEncodings = 0;
			knownRegions = (
				en,
				Base,
			);
			mainGroup = EEDAD16A1C27F7120054E3DB;
			productRefGroup = EEDAD1741C27F7120054E3DB /* Products */;
			projectDirPath = "";
			projectRoot = "";
			targets = (
				EEDAD1721C27F7120054E3DB /* playsound */,
			);
		};
/* End PBXProject section */

/* Begin PBXResourcesBuildPhase section */
		EEDAD1711C27F7120054E3DB /* Resources */ = {
			isa = PBXResourcesBuildPhase;
			buildActionMask = 2147483647;
			files = (
				EEE5A42F1C27F89B00A6BC58 /* 少女时代-TaeTiSeo - Twinkle.mp3 in Resources */,
				EEDAD1811C27F7130054E3DB /* LaunchScreen.storyboard in Resources */,
				EEDAD17E1C27F7130054E3DB /* Assets.xcassets in Resources */,
				EEDAD17C1C27F7120054E3DB /* Main.storyboard in Resources */,
			);
			runOnlyForDeploymentPostprocessing = 0;
		};
/* End PBXResourcesBuildPhase section */

/* Begin PBXSourcesBuildPhase section */
		EEDAD16F1C27F7120054E3DB /* Sources */ = {
			isa = PBXSourcesBuildPhase;
			buildActionMask = 2147483647;
			files = (
				EEDAD1791C27F7120054E3DB /* ViewController.swift in Sources */,
				EEDAD1771C27F7120054E3DB /* AppDelegate.swift in Sources */,
			);
			runOnlyForDeploymentPostprocessing = 0;
		};
/* End PBXSourcesBuildPhase section */

/* Begin PBXVariantGroup section */
		EEDAD17A1C27F7120054E3DB /* Main.storyboard */ = {
			isa = PBXVariantGroup;
			children = (
				EEDAD17B1C27F7120054E3DB /* Base */,
			);
			name = Main.storyboard;
			sourceTree = "<group>";
		};
		EEDAD17F1C27F7130054E3DB /* LaunchScreen.storyboard */ = {
			isa = PBXVariantGroup;
			children = (
				EEDAD1801C27F7130054E3DB /* Base */,
			);
			name = LaunchScreen.storyboard;
			sourceTree = "<group>";
		};
/* End PBXVariantGroup section */

/* Begin XCBuildConfiguration section */
		EEDAD1831C27F7130054E3DB /* Debug */ = {
			isa = XCBuildConfiguration;
			buildSettings = {
				ALWAYS_SEARCH_USER_PATHS = NO;
				CLANG_CXX_LANGUAGE_STANDARD = "gnu++0x";
				CLANG_CXX_LIBRARY = "libc++";
				CLANG_ENABLE_MODULES = YES;
				CLANG_ENABLE_OBJC_ARC = YES;
				CLANG_WARN_BOOL_CONVERSION = YES;
				CLANG_WARN_CONSTANT_CONVERSION = YES;
				CLANG_WARN_DIRECT_OBJC_ISA_USAGE = YES_ERROR;
				CLANG_WARN_EMPTY_BODY = YES;
				CLANG_WARN_ENUM_CONVERSION = YES;
				CLANG_WARN_INT_CONVERSION = YES;
				CLANG_WARN_OBJC_ROOT_CLASS = YES_ERROR;
				CLANG_WARN_UNREACHABLE_CODE = YES;
				CLANG_WARN__DUPLICATE_METHOD_MATCH = YES;
				"CODE_SIGN_IDENTITY[sdk=iphoneos*]" = "iPhone Developer";
				COPY_PHASE_STRIP = NO;
				DEBUG_INFORMATION_FORMAT = dwarf;
				ENABLE_STRICT_OBJC_MSGSEND = YES;
				ENABLE_TESTABILITY = YES;
				GCC_C_LANGUAGE_STANDARD = gnu99;
				GCC_DYNAMIC_NO_PIC = NO;
				GCC_NO_COMMON_BLOCKS = YES;
				GCC_OPTIMIZATION_LEVEL = 0;
				GCC_PREPROCESSOR_DEFINITIONS = (
					"DEBUG=1",
					"$(inherited)",
				);
				GCC_WARN_64_TO_32_BIT_CONVERSION = YES;
				GCC_WARN_ABOUT_RETURN_TYPE = YES_ERROR;
				GCC_WARN_UNDECLARED_SELECTOR = YES;
				GCC_WARN_UNINITIALIZED_AUTOS = YES_AGGRESSIVE;
				GCC_WARN_UNUSED_FUNCTION = YES;
				GCC_WARN_UNUSED_VARIABLE = YES;
				IPHONEOS_DEPLOYMENT_TARGET = 9.2;
				MTL_ENABLE_DEBUG_INFO = YES;
				ONLY_ACTIVE_ARCH = YES;
				SDKROOT = iphoneos;
				SWIFT_OPTIMIZATION_LEVEL = "-Onone";
				TARGETED_DEVICE_FAMILY = "1,2";
			};
			name = Debug;
		};
		EEDAD1841C27F7130054E3DB /* Release */ = {
			isa = XCBuildConfiguration;
			buildSettings = {
				ALWAYS_SEARCH_USER_PATHS = NO;
				CLANG_CXX_LANGUAGE_STANDARD = "gnu++0x";
				CLANG_CXX_LIBRARY = "libc++";
				CLANG_ENABLE_MODULES = YES;
				CLANG_ENABLE_OBJC_ARC = YES;
				CLANG_WARN_BOOL_CONVERSION = YES;
				CLANG_WARN_CONSTANT_CONVERSION = YES;
				CLANG_WARN_DIRECT_OBJC_ISA_USAGE = YES_ERROR;
				CLANG_WARN_EMPTY_BODY = YES;
				CLANG_WARN_ENUM_CONVERSION = YES;
				CLANG_WARN_INT_CONVERSION = YES;
				CLANG_WARN_OBJC_ROOT_CLASS = YES_ERROR;
				CLANG_WARN_UNREACHABLE_CODE = YES;
				CLANG_WARN__DUPLICATE_METHOD_MATCH = YES;
				"CODE_SIGN_IDENTITY[sdk=iphoneos*]" = "iPhone Developer";
				COPY_PHASE_STRIP = NO;
				DEBUG_INFORMATION_FORMAT = "dwarf-with-dsym";
				ENABLE_NS_ASSERTIONS = NO;
				ENABLE_STRICT_OBJC_MSGSEND = YES;
				GCC_C_LANGUAGE_STANDARD = gnu99;
				GCC_NO_COMMON_BLOCKS = YES;
				GCC_WARN_64_TO_32_BIT_CONVERSION = YES;
				GCC_WARN_ABOUT_RETURN_TYPE = YES_ERROR;
				GCC_WARN_UNDECLARED_SELECTOR = YES;
				GCC_WARN_UNINITIALIZED_AUTOS = YES_AGGRESSIVE;
				GCC_WARN_UNUSED_FUNCTION = YES;
				GCC_WARN_UNUSED_VARIABLE = YES;
				IPHONEOS_DEPLOYMENT_TARGET = 9.2;
				MTL_ENABLE_DEBUG_INFO = NO;
				SDKROOT = iphoneos;
				TARGETED_DEVICE_FAMILY = "1,2";
				VALIDATE_PRODUCT = YES;
			};
			name = Release;
		};
		EEDAD1861C27F7130054E3DB /* Debug */ = {
			isa = XCBuildConfiguration;
			buildSettings = {
				ASSETCATALOG_COMPILER_APPICON_NAME = AppIcon;
				INFOPLIST_FILE = playsound/Info.plist;
				LD_RUNPATH_SEARCH_PATHS = "$(inherited) @executable_path/Frameworks";
				PRODUCT_BUNDLE_IDENTIFIER = com.bgenius.playsound;
				PRODUCT_NAME = "$(TARGET_NAME)";
			};
			name = Debug;
		};
		EEDAD1871C27F7130054E3DB /* Release */ = {
			isa = XCBuildConfiguration;
			buildSettings = {
				ASSETCATALOG_COMPILER_APPICON_NAME = AppIcon;
				INFOPLIST_FILE = playsound/Info.plist;
				LD_RUNPATH_SEARCH_PATHS = "$(inherited) @executable_path/Frameworks";
				PRODUCT_BUNDLE_IDENTIFIER = com.bgenius.playsound;
				PRODUCT_NAME = "$(TARGET_NAME)";
			};
			name = Release;
		};
/* End XCBuildConfiguration section */

/* Begin XCConfigurationList section */
		EEDAD16E1C27F7120054E3DB /* Build configuration list for PBXProject "playsound" */ = {
			isa = XCConfigurationList;
			buildConfigurations = (
				EEDAD1831C27F7130054E3DB /* Debug */,
				EEDAD1841C27F7130054E3DB /* Release */,
			);
			defaultConfigurationIsVisible = 0;
			defaultConfigurationName = Release;
		};
		EEDAD1851C27F7130054E3DB /* Build configuration list for PBXNativeTarget "playsound" */ = {
			isa = XCConfigurationList;
			buildConfigurations = (
				EEDAD1861C27F7130054E3DB /* Debug */,
				EEDAD1871C27F7130054E3DB /* Release */,
			);
			defaultConfigurationIsVisible = 0;
			defaultConfigurationName = Release;
		};
/* End XCConfigurationList section */
	};
	rootObject = EEDAD16B1C27F7120054E3DB /* Project object */;
}
